// !$*UTF8*$!
{
	archiveVersion = 1;
	classes = {
	};
	objectVersion = 77;
	objects = {

/* Begin PBXContainerItemProxy section */
		1EFA36E92DC137AC00864461 /* PBXContainerItemProxy */ = {
			isa = PBXContainerItemProxy;
			containerPortal = 1EFA36D32DC137AB00864461 /* Project object */;
			proxyType = 1;
			remoteGlobalIDString = 1EFA36DA2DC137AB00864461;
			remoteInfo = SwiftSourceControl;
		};
		1EFA36F32DC137AC00864461 /* PBXContainerItemProxy */ = {
			isa = PBXContainerItemProxy;
			containerPortal = 1EFA36D32DC137AB00864461 /* Project object */;
			proxyType = 1;
			remoteGlobalIDString = 1EFA36DA2DC137AB00864461;
			remoteInfo = SwiftSourceControl;
		};
/* End PBXContainerItemProxy section */

/* Begin PBXFileReference section */
		1EFA36DB2DC137AB00864461 /* SwiftSourceControl.app */ = {isa = PBXFileReference; explicitFileType = wrapper.application; includeInIndex = 0; path = SwiftSourceControl.app; sourceTree = BUILT_PRODUCTS_DIR; };
		1EFA36E82DC137AC00864461 /* SwiftSourceControlTests.xctest */ = {isa = PBXFileReference; explicitFileType = wrapper.cfbundle; includeInIndex = 0; path = SwiftSourceControlTests.xctest; sourceTree = BUILT_PRODUCTS_DIR; };
		1EFA36F22DC137AC00864461 /* SwiftSourceControlUITests.xctest */ = {isa = PBXFileReference; explicitFileType = wrapper.cfbundle; includeInIndex = 0; path = SwiftSourceControlUITests.xctest; sourceTree = BUILT_PRODUCTS_DIR; };
/* End PBXFileReference section */

/* Begin PBXFileSystemSynchronizedRootGroup section */
		1EFA36DD2DC137AB00864461 /* SwiftSourceControl */ = {
			isa = PBXFileSystemSynchronizedRootGroup;
			path = SwiftSourceControl;
			sourceTree = "<group>";
		};
		1EFA36EB2DC137AC00864461 /* SwiftSourceControlTests */ = {
			isa = PBXFileSystemSynchronizedRootGroup;
			path = SwiftSourceControlTests;
			sourceTree = "<group>";
		};
		1EFA36F52DC137AC00864461 /* SwiftSourceControlUITests */ = {
			isa = PBXFileSystemSynchronizedRootGroup;
			path = SwiftSourceControlUITests;
			sourceTree = "<group>";
		};
/* End PBXFileSystemSynchronizedRootGroup section */

/* Begin PBXFrameworksBuildPhase section */
		1EFA36D82DC137AB00864461 /* Frameworks */ = {
			isa = PBXFrameworksBuildPhase;
			buildActionMask = 2147483647;
			files = (
			);
			runOnlyForDeploymentPostprocessing = 0;
		};
		1EFA36E52DC137AC00864461 /* Frameworks */ = {
			isa = PBXFrameworksBuildPhase;
			buildActionMask = 2147483647;
			files = (
			);
			runOnlyForDeploymentPostprocessing = 0;
		};
		1EFA36EF2DC137AC00864461 /* Frameworks */ = {
			isa = PBXFrameworksBuildPhase;
			buildActionMask = 2147483647;
			files = (
			);
			runOnlyForDeploymentPostprocessing = 0;
		};
/* End PBXFrameworksBuildPhase section */

/* Begin PBXGroup section */
		1EFA36D22DC137AB00864461 = {
			isa = PBXGroup;
			children = (
				1EFA36DD2DC137AB00864461 /* SwiftSourceControl */,
				1EFA36EB2DC137AC00864461 /* SwiftSourceControlTests */,
				1EFA36F52DC137AC00864461 /* SwiftSourceControlUITests */,
				1EFA36DC2DC137AB00864461 /* Products */,
			);
			sourceTree = "<group>";
		};
		1EFA36DC2DC137AB00864461 /* Products */ = {
			isa = PBXGroup;
			children = (
				1EFA36DB2DC137AB00864461 /* SwiftSourceControl.app */,
				1EFA36E82DC137AC00864461 /* SwiftSourceControlTests.xctest */,
				1EFA36F22DC137AC00864461 /* SwiftSourceControlUITests.xctest */,
			);
			name = Products;
			sourceTree = "<group>";
		};
/* End PBXGroup section */

/* Begin PBXNativeTarget section */
		1EFA36DA2DC137AB00864461 /* SwiftSourceControl */ = {
			isa = PBXNativeTarget;
			buildConfigurationList = 1EFA36FC2DC137AC00864461 /* Build configuration list for PBXNativeTarget "SwiftSourceControl" */;
			buildPhases = (
				1EFA36D72DC137AB00864461 /* Sources */,
				1EFA36D82DC137AB00864461 /* Frameworks */,
				1EFA36D92DC137AB00864461 /* Resources */,
			);
			buildRules = (
			);
			dependencies = (
			);
			fileSystemSynchronizedGroups = (
				1EFA36DD2DC137AB00864461 /* SwiftSourceControl */,
			);
			name = SwiftSourceControl;
			packageProductDependencies = (
			);
			productName = SwiftSourceControl;
			productReference = 1EFA36DB2DC137AB00864461 /* SwiftSourceControl.app */;
			productType = "com.apple.product-type.application";
		};
		1EFA36E72DC137AC00864461 /* SwiftSourceControlTests */ = {
			isa = PBXNativeTarget;
			buildConfigurationList = 1EFA36FF2DC137AC00864461 /* Build configuration list for PBXNativeTarget "SwiftSourceControlTests" */;
			buildPhases = (
				1EFA36E42DC137AC00864461 /* Sources */,
				1EFA36E52DC137AC00864461 /* Frameworks */,
				1EFA36E62DC137AC00864461 /* Resources */,
			);
			buildRules = (
			);
			dependencies = (
				1EFA36EA2DC137AC00864461 /* PBXTargetDependency */,
			);
			fileSystemSynchronizedGroups = (
				1EFA36EB2DC137AC00864461 /* SwiftSourceControlTests */,
			);
			name = SwiftSourceControlTests;
			packageProductDependencies = (
			);
			productName = SwiftSourceControlTests;
			productReference = 1EFA36E82DC137AC00864461 /* SwiftSourceControlTests.xctest */;
			productType = "com.apple.product-type.bundle.unit-test";
		};
		1EFA36F12DC137AC00864461 /* SwiftSourceControlUITests */ = {
			isa = PBXNativeTarget;
			buildConfigurationList = 1EFA37022DC137AC00864461 /* Build configuration list for PBXNativeTarget "SwiftSourceControlUITests" */;
			buildPhases = (
				1EFA36EE2DC137AC00864461 /* Sources */,
				1EFA36EF2DC137AC00864461 /* Frameworks */,
				1EFA36F02DC137AC00864461 /* Resources */,
			);
			buildRules = (
			);
			dependencies = (
				1EFA36F42DC137AC00864461 /* PBXTargetDependency */,
			);
			fileSystemSynchronizedGroups = (
				1EFA36F52DC137AC00864461 /* SwiftSourceControlUITests */,
			);
			name = SwiftSourceControlUITests;
			packageProductDependencies = (
			);
			productName = SwiftSourceControlUITests;
			productReference = 1EFA36F22DC137AC00864461 /* SwiftSourceControlUITests.xctest */;
			productType = "com.apple.product-type.bundle.ui-testing";
		};
/* End PBXNativeTarget section */

/* Begin PBXProject section */
		1EFA36D32DC137AB00864461 /* Project object */ = {
			isa = PBXProject;
			attributes = {
				BuildIndependentTargetsInParallel = 1;
				LastSwiftUpdateCheck = 1630;
				LastUpgradeCheck = 1630;
				TargetAttributes = {
					1EFA36DA2DC137AB00864461 = {
						CreatedOnToolsVersion = 16.3;
					};
					1EFA36E72DC137AC00864461 = {
						CreatedOnToolsVersion = 16.3;
						TestTargetID = 1EFA36DA2DC137AB00864461;
					};
					1EFA36F12DC137AC00864461 = {
						CreatedOnToolsVersion = 16.3;
						TestTargetID = 1EFA36DA2DC137AB00864461;
					};
				};
			};
			buildConfigurationList = 1EFA36D62DC137AB00864461 /* Build configuration list for PBXProject "SwiftSourceControl" */;
			developmentRegion = en;
			hasScannedForEncodings = 0;
			knownRegions = (
				en,
				Base,
			);
			mainGroup = 1EFA36D22DC137AB00864461;
			minimizedProjectReferenceProxies = 1;
			preferredProjectObjectVersion = 77;
			productRefGroup = 1EFA36DC2DC137AB00864461 /* Products */;
			projectDirPath = "";
			projectRoot = "";
			targets = (
				1EFA36DA2DC137AB00864461 /* SwiftSourceControl */,
				1EFA36E72DC137AC00864461 /* SwiftSourceControlTests */,
				1EFA36F12DC137AC00864461 /* SwiftSourceControlUITests */,
			);
		};
/* End PBXProject section */

/* Begin PBXResourcesBuildPhase section */
		1EFA36D92DC137AB00864461 /* Resources */ = {
			isa = PBXResourcesBuildPhase;
			buildActionMask = 2147483647;
			files = (
			);
			runOnlyForDeploymentPostprocessing = 0;
		};
		1EFA36E62DC137AC00864461 /* Resources */ = {
			isa = PBXResourcesBuildPhase;
			buildActionMask = 2147483647;
			files = (
			);
			runOnlyForDeploymentPostprocessing = 0;
		};
		1EFA36F02DC137AC00864461 /* Resources */ = {
			isa = PBXResourcesBuildPhase;
			buildActionMask = 2147483647;
			files = (
			);
			runOnlyForDeploymentPostprocessing = 0;
		};
/* End PBXResourcesBuildPhase section */

/* Begin PBXSourcesBuildPhase section */
		1EFA36D72DC137AB00864461 /* Sources */ = {
			isa = PBXSourcesBuildPhase;
			buildActionMask = 2147483647;
			files = (
			);
			runOnlyForDeploymentPostprocessing = 0;
		};
		1EFA36E42DC137AC00864461 /* Sources */ = {
			isa = PBXSourcesBuildPhase;
			buildActionMask = 2147483647;
			files = (
			);
			runOnlyForDeploymentPostprocessing = 0;
		};
		1EFA36EE2DC137AC00864461 /* Sources */ = {
			isa = PBXSourcesBuildPhase;
			buildActionMask = 2147483647;
			files = (
			);
			runOnlyForDeploymentPostprocessing = 0;
		};
/* End PBXSourcesBuildPhase section */

/* Begin PBXTargetDependency section */
		1EFA36EA2DC137AC00864461 /* PBXTargetDependency */ = {
			isa = PBXTargetDependency;
			target = 1EFA36DA2DC137AB00864461 /* SwiftSourceControl */;
			targetProxy = 1EFA36E92DC137AC00864461 /* PBXContainerItemProxy */;
		};
		1EFA36F42DC137AC00864461 /* PBXTargetDependency */ = {
			isa = PBXTargetDependency;
			target = 1EFA36DA2DC137AB00864461 /* SwiftSourceControl */;
			targetProxy = 1EFA36F32DC137AC00864461 /* PBXContainerItemProxy */;
		};
/* End PBXTargetDependency section */

/* Begin XCBuildConfiguration section */
		1EFA36FA2DC137AC00864461 /* Debug */ = {
			isa = XCBuildConfiguration;
			buildSettings = {
				ALWAYS_SEARCH_USER_PATHS = NO;
				ASSETCATALOG_COMPILER_GENERATE_SWIFT_ASSET_SYMBOL_EXTENSIONS = YES;
				CLANG_ANALYZER_NONNULL = YES;
				CLANG_ANALYZER_NUMBER_OBJECT_CONVERSION = YES_AGGRESSIVE;
				CLANG_CXX_LANGUAGE_STANDARD = "gnu++20";
				CLANG_ENABLE_MODULES = YES;
				CLANG_ENABLE_OBJC_ARC = YES;
				CLANG_ENABLE_OBJC_WEAK = YES;
				CLANG_WARN_BLOCK_CAPTURE_AUTORELEASING = YES;
				CLANG_WARN_BOOL_CONVERSION = YES;
				CLANG_WARN_COMMA = YES;
				CLANG_WARN_CONSTANT_CONVERSION = YES;
				CLANG_WARN_DEPRECATED_OBJC_IMPLEMENTATIONS = YES;
				CLANG_WARN_DIRECT_OBJC_ISA_USAGE = YES_ERROR;
				CLANG_WARN_DOCUMENTATION_COMMENTS = YES;
				CLANG_WARN_EMPTY_BODY = YES;
				CLANG_WARN_ENUM_CONVERSION = YES;
				CLANG_WARN_INFINITE_RECURSION = YES;
				CLANG_WARN_INT_CONVERSION = YES;
				CLANG_WARN_NON_LITERAL_NULL_CONVERSION = YES;
				CLANG_WARN_OBJC_IMPLICIT_RETAIN_SELF = YES;
				CLANG_WARN_OBJC_LITERAL_CONVERSION = YES;
				CLANG_WARN_OBJC_ROOT_CLASS = YES_ERROR;
				CLANG_WARN_QUOTED_INCLUDE_IN_FRAMEWORK_HEADER = YES;
				CLANG_WARN_RANGE_LOOP_ANALYSIS = YES;
				CLANG_WARN_STRICT_PROTOTYPES = YES;
				CLANG_WARN_SUSPICIOUS_MOVE = YES;
				CLANG_WARN_UNGUARDED_AVAILABILITY = YES_AGGRESSIVE;
				CLANG_WARN_UNREACHABLE_CODE = YES;
				CLANG_WARN__DUPLICATE_METHOD_MATCH = YES;
				COPY_PHASE_STRIP = NO;
				DEBUG_INFORMATION_FORMAT = dwarf;
				DEVELOPMENT_TEAM = VCW7FU3N47;
				ENABLE_STRICT_OBJC_MSGSEND = YES;
				ENABLE_TESTABILITY = YES;
				ENABLE_USER_SCRIPT_SANDBOXING = YES;
				GCC_C_LANGUAGE_STANDARD = gnu17;
				GCC_DYNAMIC_NO_PIC = NO;
				GCC_NO_COMMON_BLOCKS = YES;
				GCC_OPTIMIZATION_LEVEL = 0;
				GCC_PREPROCESSOR_DEFINITIONS = (
					"DEBUG=1",
					"$(inherited)",
				);
				GCC_WARN_64_TO_32_BIT_CONVERSION = YES;
				GCC_WARN_ABOUT_RETURN_TYPE = YES_ERROR;
				GCC_WARN_UNDECLARED_SELECTOR = YES;
				GCC_WARN_UNINITIALIZED_AUTOS = YES_AGGRESSIVE;
				GCC_WARN_UNUSED_FUNCTION = YES;
				GCC_WARN_UNUSED_VARIABLE = YES;
				IPHONEOS_DEPLOYMENT_TARGET = 18.4;
				LOCALIZATION_PREFERS_STRING_CATALOGS = YES;
				MTL_ENABLE_DEBUG_INFO = INCLUDE_SOURCE;
				MTL_FAST_MATH = YES;
				ONLY_ACTIVE_ARCH = YES;
				SDKROOT = iphoneos;
				SWIFT_ACTIVE_COMPILATION_CONDITIONS = "DEBUG $(inherited)";
				SWIFT_OPTIMIZATION_LEVEL = "-Onone";
			};
			name = Debug;
		};
		1EFA36FB2DC137AC00864461 /* Release */ = {
			isa = XCBuildConfiguration;
			buildSettings = {
				ALWAYS_SEARCH_USER_PATHS = NO;
				ASSETCATALOG_COMPILER_GENERATE_SWIFT_ASSET_SYMBOL_EXTENSIONS = YES;
				CLANG_ANALYZER_NONNULL = YES;
				CLANG_ANALYZER_NUMBER_OBJECT_CONVERSION = YES_AGGRESSIVE;
				CLANG_CXX_LANGUAGE_STANDARD = "gnu++20";
				CLANG_ENABLE_MODULES = YES;
				CLANG_ENABLE_OBJC_ARC = YES;
				CLANG_ENABLE_OBJC_WEAK = YES;
				CLANG_WARN_BLOCK_CAPTURE_AUTORELEASING = YES;
				CLANG_WARN_BOOL_CONVERSION = YES;
				CLANG_WARN_COMMA = YES;
				CLANG_WARN_CONSTANT_CONVERSION = YES;
				CLANG_WARN_DEPRECATED_OBJC_IMPLEMENTATIONS = YES;
				CLANG_WARN_DIRECT_OBJC_ISA_USAGE = YES_ERROR;
				CLANG_WARN_DOCUMENTATION_COMMENTS = YES;
				CLANG_WARN_EMPTY_BODY = YES;
				CLANG_WARN_ENUM_CONVERSION = YES;
				CLANG_WARN_INFINITE_RECURSION = YES;
				CLANG_WARN_INT_CONVERSION = YES;
				CLANG_WARN_NON_LITERAL_NULL_CONVERSION = YES;
				CLANG_WARN_OBJC_IMPLICIT_RETAIN_SELF = YES;
				CLANG_WARN_OBJC_LITERAL_CONVERSION = YES;
				CLANG_WARN_OBJC_ROOT_CLASS = YES_ERROR;
				CLANG_WARN_QUOTED_INCLUDE_IN_FRAMEWORK_HEADER = YES;
				CLANG_WARN_RANGE_LOOP_ANALYSIS = YES;
				CLANG_WARN_STRICT_PROTOTYPES = YES;
				CLANG_WARN_SUSPICIOUS_MOVE = YES;
				CLANG_WARN_UNGUARDED_AVAILABILITY = YES_AGGRESSIVE;
				CLANG_WARN_UNREACHABLE_CODE = YES;
				CLANG_WARN__DUPLICATE_METHOD_MATCH = YES;
				COPY_PHASE_STRIP = NO;
				DEBUG_INFORMATION_FORMAT = "dwarf-with-dsym";
				DEVELOPMENT_TEAM = VCW7FU3N47;
				ENABLE_NS_ASSERTIONS = NO;
				ENABLE_STRICT_OBJC_MSGSEND = YES;
				ENABLE_USER_SCRIPT_SANDBOXING = YES;
				GCC_C_LANGUAGE_STANDARD = gnu17;
				GCC_NO_COMMON_BLOCKS = YES;
				GCC_WARN_64_TO_32_BIT_CONVERSION = YES;
				GCC_WARN_ABOUT_RETURN_TYPE = YES_ERROR;
				GCC_WARN_UNDECLARED_SELECTOR = YES;
				GCC_WARN_UNINITIALIZED_AUTOS = YES_AGGRESSIVE;
				GCC_WARN_UNUSED_FUNCTION = YES;
				GCC_WARN_UNUSED_VARIABLE = YES;
				IPHONEOS_DEPLOYMENT_TARGET = 18.4;
				LOCALIZATION_PREFERS_STRING_CATALOGS = YES;
				MTL_ENABLE_DEBUG_INFO = NO;
				MTL_FAST_MATH = YES;
				SDKROOT = iphoneos;
				SWIFT_COMPILATION_MODE = wholemodule;
				VALIDATE_PRODUCT = YES;
			};
			name = Release;
		};
		1EFA36FD2DC137AC00864461 /* Debug */ = {
			isa = XCBuildConfiguration;
			buildSettings = {
				ASSETCATALOG_COMPILER_APPICON_NAME = AppIcon;
				ASSETCATALOG_COMPILER_GLOBAL_ACCENT_COLOR_NAME = AccentColor;
				CODE_SIGN_STYLE = Automatic;
				CURRENT_PROJECT_VERSION = 1;
				DEVELOPMENT_TEAM = VCW7FU3N47;
				ENABLE_PREVIEWS = YES;
				GENERATE_INFOPLIST_FILE = YES;
				INFOPLIST_KEY_UIApplicationSceneManifest_Generation = YES;
				INFOPLIST_KEY_UIApplicationSupportsIndirectInputEvents = YES;
				INFOPLIST_KEY_UILaunchScreen_Generation = YES;
				INFOPLIST_KEY_UISupportedInterfaceOrientations_iPad = "UIInterfaceOrientationPortrait UIInterfaceOrientationPortraitUpsideDown UIInterfaceOrientationLandscapeLeft UIInterfaceOrientationLandscapeRight";
				INFOPLIST_KEY_UISupportedInterfaceOrientations_iPhone = "UIInterfaceOrientationPortrait UIInterfaceOrientationLandscapeLeft UIInterfaceOrientationLandscapeRight";
				LD_RUNPATH_SEARCH_PATHS = (
					"$(inherited)",
					"@executable_path/Frameworks",
				);
				MARKETING_VERSION = 1.0;
				PRODUCT_BUNDLE_IDENTIFIER = com.tade.SwiftSourceControl;
				PRODUCT_NAME = "$(TARGET_NAME)";
				SWIFT_EMIT_LOC_STRINGS = YES;
				SWIFT_VERSION = 5.0;
				TARGETED_DEVICE_FAMILY = "1,2";
			};
			name = Debug;
		};
		1EFA36FE2DC137AC00864461 /* Release */ = {
			isa = XCBuildConfiguration;
			buildSettings = {
				ASSETCATALOG_COMPILER_APPICON_NAME = AppIcon;
				ASSETCATALOG_COMPILER_GLOBAL_ACCENT_COLOR_NAME = AccentColor;
				CODE_SIGN_STYLE = Automatic;
				CURRENT_PROJECT_VERSION = 1;
				DEVELOPMENT_TEAM = VCW7FU3N47;
				ENABLE_PREVIEWS = YES;
				GENERATE_INFOPLIST_FILE = YES;
				INFOPLIST_KEY_UIApplicationSceneManifest_Generation = YES;
				INFOPLIST_KEY_UIApplicationSupportsIndirectInputEvents = YES;
				INFOPLIST_KEY_UILaunchScreen_Generation = YES;
				INFOPLIST_KEY_UISupportedInterfaceOrientations_iPad = "UIInterfaceOrientationPortrait UIInterfaceOrientationPortraitUpsideDown UIInterfaceOrientationLandscapeLeft UIInterfaceOrientationLandscapeRight";
				INFOPLIST_KEY_UISupportedInterfaceOrientations_iPhone = "UIInterfaceOrientationPortrait UIInterfaceOrientationLandscapeLeft UIInterfaceOrientationLandscapeRight";
				LD_RUNPATH_SEARCH_PATHS = (
					"$(inherited)",
					"@executable_path/Frameworks",
				);
				MARKETING_VERSION = 1.0;
				PRODUCT_BUNDLE_IDENTIFIER = com.tade.SwiftSourceControl;
				PRODUCT_NAME = "$(TARGET_NAME)";
				SWIFT_EMIT_LOC_STRINGS = YES;
				SWIFT_VERSION = 5.0;
				TARGETED_DEVICE_FAMILY = "1,2";
			};
			name = Release;
		};
		1EFA37002DC137AC00864461 /* Debug */ = {
			isa = XCBuildConfiguration;
			buildSettings = {
				BUNDLE_LOADER = "$(TEST_HOST)";
				CODE_SIGN_STYLE = Automatic;
				CURRENT_PROJECT_VERSION = 1;
				DEVELOPMENT_TEAM = VCW7FU3N47;
				GENERATE_INFOPLIST_FILE = YES;
				IPHONEOS_DEPLOYMENT_TARGET = 18.4;
				MARKETING_VERSION = 1.0;
				PRODUCT_BUNDLE_IDENTIFIER = com.tade.SwiftSourceControlTests;
				PRODUCT_NAME = "$(TARGET_NAME)";
				SWIFT_EMIT_LOC_STRINGS = NO;
				SWIFT_VERSION = 5.0;
				TARGETED_DEVICE_FAMILY = "1,2";
				TEST_HOST = "$(BUILT_PRODUCTS_DIR)/SwiftSourceControl.app/$(BUNDLE_EXECUTABLE_FOLDER_PATH)/SwiftSourceControl";
			};
			name = Debug;
		};
		1EFA37012DC137AC00864461 /* Release */ = {
			isa = XCBuildConfiguration;
			buildSettings = {
				BUNDLE_LOADER = "$(TEST_HOST)";
				CODE_SIGN_STYLE = Automatic;
				CURRENT_PROJECT_VERSION = 1;
				DEVELOPMENT_TEAM = VCW7FU3N47;
				GENERATE_INFOPLIST_FILE = YES;
				IPHONEOS_DEPLOYMENT_TARGET = 18.4;
				MARKETING_VERSION = 1.0;
				PRODUCT_BUNDLE_IDENTIFIER = com.tade.SwiftSourceControlTests;
				PRODUCT_NAME = "$(TARGET_NAME)";
				SWIFT_EMIT_LOC_STRINGS = NO;
				SWIFT_VERSION = 5.0;
				TARGETED_DEVICE_FAMILY = "1,2";
				TEST_HOST = "$(BUILT_PRODUCTS_DIR)/SwiftSourceControl.app/$(BUNDLE_EXECUTABLE_FOLDER_PATH)/SwiftSourceControl";
			};
			name = Release;
		};
		1EFA37032DC137AC00864461 /* Debug */ = {
			isa = XCBuildConfiguration;
			buildSettings = {
				CODE_SIGN_STYLE = Automatic;
				CURRENT_PROJECT_VERSION = 1;
				DEVELOPMENT_TEAM = VCW7FU3N47;
				GENERATE_INFOPLIST_FILE = YES;
				MARKETING_VERSION = 1.0;
				PRODUCT_BUNDLE_IDENTIFIER = com.tade.SwiftSourceControlUITests;
				PRODUCT_NAME = "$(TARGET_NAME)";
				SWIFT_EMIT_LOC_STRINGS = NO;
				SWIFT_VERSION = 5.0;
				TARGETED_DEVICE_FAMILY = "1,2";
				TEST_TARGET_NAME = SwiftSourceControl;
			};
			name = Debug;
		};
		1EFA37042DC137AC00864461 /* Release */ = {
			isa = XCBuildConfiguration;
			buildSettings = {
				CODE_SIGN_STYLE = Automatic;
				CURRENT_PROJECT_VERSION = 1;
				DEVELOPMENT_TEAM = VCW7FU3N47;
				GENERATE_INFOPLIST_FILE = YES;
				MARKETING_VERSION = 1.0;
				PRODUCT_BUNDLE_IDENTIFIER = com.tade.SwiftSourceControlUITests;
				PRODUCT_NAME = "$(TARGET_NAME)";
				SWIFT_EMIT_LOC_STRINGS = NO;
				SWIFT_VERSION = 5.0;
				TARGETED_DEVICE_FAMILY = "1,2";
				TEST_TARGET_NAME = SwiftSourceControl;
			};
			name = Release;
		};
/* End XCBuildConfiguration section */

/* Begin XCConfigurationList section */
		1EFA36D62DC137AB00864461 /* Build configuration list for PBXProject "SwiftSourceControl" */ = {
			isa = XCConfigurationList;
			buildConfigurations = (
				1EFA36FA2DC137AC00864461 /* Debug */,
				1EFA36FB2DC137AC00864461 /* Release */,
			);
			defaultConfigurationIsVisible = 0;
			defaultConfigurationName = Release;
		};
		1EFA36FC2DC137AC00864461 /* Build configuration list for PBXNativeTarget "SwiftSourceControl" */ = {
			isa = XCConfigurationList;
			buildConfigurations = (
				1EFA36FD2DC137AC00864461 /* Debug */,
				1EFA36FE2DC137AC00864461 /* Release */,
			);
			defaultConfigurationIsVisible = 0;
			defaultConfigurationName = Release;
		};
		1EFA36FF2DC137AC00864461 /* Build configuration list for PBXNativeTarget "SwiftSourceControlTests" */ = {
			isa = XCConfigurationList;
			buildConfigurations = (
				1EFA37002DC137AC00864461 /* Debug */,
				1EFA37012DC137AC00864461 /* Release */,
			);
			defaultConfigurationIsVisible = 0;
			defaultConfigurationName = Release;
		};
		1EFA37022DC137AC00864461 /* Build configuration list for PBXNativeTarget "SwiftSourceControlUITests" */ = {
			isa = XCConfigurationList;
			buildConfigurations = (
				1EFA37032DC137AC00864461 /* Debug */,
				1EFA37042DC137AC00864461 /* Release */,
			);
			defaultConfigurationIsVisible = 0;
			defaultConfigurationName = Release;
		};
/* End XCConfigurationList section */
	};
	rootObject = 1EFA36D32DC137AB00864461 /* Project object */;
}
